
Microsoft Visual Studio Solution File, Format Version 11.00
# Visual Studio 2010
Project("{FAE04EC0-301F-11D3-BF4B-00C04F79EFBC}") = "Seas0nPass", "Seas0nPass\Seas0nPass.csproj", "{F2D962D9-BACE-4CEC-B08B-21E3E73DCDDD}"
EndProject
Global
	GlobalSection(SolutionConfigurationPlatforms) = preSolution
		Debug|x86 = Debug|x86
		Release|x86 = Release|x86
	EndGlobalSection
	GlobalSection(ProjectConfigurationPlatforms) = postSolution
		{F2D962D9-BACE-4CEC-B08B-21E3E73DCDDD}.Debug|x86.ActiveCfg = Debug|x86
		{F2D962D9-BACE-4CEC-B08B-21E3E73DCDDD}.Debug|x86.Build.0 = Debug|x86
		{F2D962D9-BACE-4CEC-B08B-21E3E73DCDDD}.Release|x86.ActiveCfg = Release|x86
		{F2D962D9-BACE-4CEC-B08B-21E3E73DCDDD}.Release|x86.Build.0 = Release|x86
	EndGlobalSection
	GlobalSection(SolutionProperties) = preSolution
		HideSolutionNode = FALSE
	EndGlobalSection
EndGlobal
